
Microsoft Visual Studio Solution File, Format Version 12.00
# Visual Studio Version 16
VisualStudioVersion = 16.0.30804.86
MinimumVisualStudioVersion = 10.0.40219.1
Project("{9A19103F-16F7-4668-BE54-9A1E7A4F7556}") = "ReCap.Entities", "ReCap.Entities\ReCap.Entities.csproj", "{B611BADD-D45A-4C91-945A-1141F07180E3}"
EndProject
Project("{9A19103F-16F7-4668-BE54-9A1E7A4F7556}") = "ReCap.DataAccess", "ReCap.DataAccess\ReCap.DataAccess.csproj", "{E3D0582D-D3C7-4BBA-8EDF-094F2A4EB518}"
EndProject
Project("{9A19103F-16F7-4668-BE54-9A1E7A4F7556}") = "ReCap.Business", "ReCap.Business\ReCap.Business.csproj", "{22933CD6-43B5-4361-80A5-3044214E74D1}"
EndProject
Project("{9A19103F-16F7-4668-BE54-9A1E7A4F7556}") = "ReCap.ConsoleApp", "ReCap.ConsoleApp\ReCap.ConsoleApp.csproj", "{E9B74D64-FA96-413C-A9C3-E2B51C894845}"
EndProject
Project("{9A19103F-16F7-4668-BE54-9A1E7A4F7556}") = "ReCap.Core", "ReCap.Core\ReCap.Core.csproj", "{62ADFBEE-B8CB-43CE-9E79-5BB498A62335}"
EndProject
Project("{FAE04EC0-301F-11D3-BF4B-00C04F79EFBC}") = "ReCap.WebAPI", "ReCap.WebAPI\ReCap.WebAPI.csproj", "{4E6DF3FD-C3A0-4AE2-8722-A513D2138542}"
EndProject
Global
	GlobalSection(SolutionConfigurationPlatforms) = preSolution
		Debug|Any CPU = Debug|Any CPU
		Release|Any CPU = Release|Any CPU
	EndGlobalSection
	GlobalSection(ProjectConfigurationPlatforms) = postSolution
		{B611BADD-D45A-4C91-945A-1141F07180E3}.Debug|Any CPU.ActiveCfg = Debug|Any CPU
		{B611BADD-D45A-4C91-945A-1141F07180E3}.Debug|Any CPU.Build.0 = Debug|Any CPU
		{B611BADD-D45A-4C91-945A-1141F07180E3}.Release|Any CPU.ActiveCfg = Release|Any CPU
		{B611BADD-D45A-4C91-945A-1141F07180E3}.Release|Any CPU.Build.0 = Release|Any CPU
		{E3D0582D-D3C7-4BBA-8EDF-094F2A4EB518}.Debug|Any CPU.ActiveCfg = Debug|Any CPU
		{E3D0582D-D3C7-4BBA-8EDF-094F2A4EB518}.Debug|Any CPU.Build.0 = Debug|Any CPU
		{E3D0582D-D3C7-4BBA-8EDF-094F2A4EB518}.Release|Any CPU.ActiveCfg = Release|Any CPU
		{E3D0582D-D3C7-4BBA-8EDF-094F2A4EB518}.Release|Any CPU.Build.0 = Release|Any CPU
		{22933CD6-43B5-4361-80A5-3044214E74D1}.Debug|Any CPU.ActiveCfg = Debug|Any CPU
		{22933CD6-43B5-4361-80A5-3044214E74D1}.Debug|Any CPU.Build.0 = Debug|Any CPU
		{22933CD6-43B5-4361-80A5-3044214E74D1}.Release|Any CPU.ActiveCfg = Release|Any CPU
		{22933CD6-43B5-4361-80A5-3044214E74D1}.Release|Any CPU.Build.0 = Release|Any CPU
		{E9B74D64-FA96-413C-A9C3-E2B51C894845}.Debug|Any CPU.ActiveCfg = Debug|Any CPU
		{E9B74D64-FA96-413C-A9C3-E2B51C894845}.Debug|Any CPU.Build.0 = Debug|Any CPU
		{E9B74D64-FA96-413C-A9C3-E2B51C894845}.Release|Any CPU.ActiveCfg = Release|Any CPU
		{E9B74D64-FA96-413C-A9C3-E2B51C894845}.Release|Any CPU.Build.0 = Release|Any CPU
		{62ADFBEE-B8CB-43CE-9E79-5BB498A62335}.Debug|Any CPU.ActiveCfg = Debug|Any CPU
		{62ADFBEE-B8CB-43CE-9E79-5BB498A62335}.Debug|Any CPU.Build.0 = Debug|Any CPU
		{62ADFBEE-B8CB-43CE-9E79-5BB498A62335}.Release|Any CPU.ActiveCfg = Release|Any CPU
		{62ADFBEE-B8CB-43CE-9E79-5BB498A62335}.Release|Any CPU.Build.0 = Release|Any CPU
		{4E6DF3FD-C3A0-4AE2-8722-A513D2138542}.Debug|Any CPU.ActiveCfg = Debug|Any CPU
		{4E6DF3FD-C3A0-4AE2-8722-A513D2138542}.Debug|Any CPU.Build.0 = Debug|Any CPU
		{4E6DF3FD-C3A0-4AE2-8722-A513D2138542}.Release|Any CPU.ActiveCfg = Release|Any CPU
		{4E6DF3FD-C3A0-4AE2-8722-A513D2138542}.Release|Any CPU.Build.0 = Release|Any CPU
	EndGlobalSection
	GlobalSection(SolutionProperties) = preSolution
		HideSolutionNode = FALSE
	EndGlobalSection
	GlobalSection(ExtensibilityGlobals) = postSolution
		SolutionGuid = {2F3B616E-50EF-4B32-B3C9-D36B62436C6A}
	EndGlobalSection
EndGlobal
